
Microsoft Visual Studio Solution File, Format Version 12.00
# Visual Studio 15
VisualStudioVersion = 15.0.26430.14
MinimumVisualStudioVersion = 10.0.40219.1
Project("{9A19103F-16F7-4668-BE54-9A1E7A4F7556}") = "KHash.Core", "KHash.Core\KHash.Core.csproj", "{6BF0CB2E-3448-4FF0-9387-2254CA9E6001}"
EndProject
Project("{9A19103F-16F7-4668-BE54-9A1E7A4F7556}") = "KHash.CLI", "KHash.CLI\KHash.CLI.csproj", "{D66E749C-9886-44BC-A7B4-7EB5B1EFD19F}"
EndProject
Global
	GlobalSection(SolutionConfigurationPlatforms) = preSolution
		Debug|Any CPU = Debug|Any CPU
		Release|Any CPU = Release|Any CPU
	EndGlobalSection
	GlobalSection(ProjectConfigurationPlatforms) = postSolution
		{6BF0CB2E-3448-4FF0-9387-2254CA9E6001}.Debug|Any CPU.ActiveCfg = Debug|Any CPU
		{6BF0CB2E-3448-4FF0-9387-2254CA9E6001}.Debug|Any CPU.Build.0 = Debug|Any CPU
		{6BF0CB2E-3448-4FF0-9387-2254CA9E6001}.Release|Any CPU.ActiveCfg = Release|Any CPU
		{6BF0CB2E-3448-4FF0-9387-2254CA9E6001}.Release|Any CPU.Build.0 = Release|Any CPU
		{D66E749C-9886-44BC-A7B4-7EB5B1EFD19F}.Debug|Any CPU.ActiveCfg = Debug|Any CPU
		{D66E749C-9886-44BC-A7B4-7EB5B1EFD19F}.Debug|Any CPU.Build.0 = Debug|Any CPU
		{D66E749C-9886-44BC-A7B4-7EB5B1EFD19F}.Release|Any CPU.ActiveCfg = Release|Any CPU
		{D66E749C-9886-44BC-A7B4-7EB5B1EFD19F}.Release|Any CPU.Build.0 = Release|Any CPU
	EndGlobalSection
	GlobalSection(SolutionProperties) = preSolution
		HideSolutionNode = FALSE
	EndGlobalSection
EndGlobal
